
Microsoft Visual Studio Solution File, Format Version 12.00
# Visual Studio 2012
Project("{FAE04EC0-301F-11D3-BF4B-00C04F79EFBC}") = "Simulation", "Simulation\Simulation.csproj", "{9E456935-1433-458E-9C21-BAD5669C208C}"
EndProject
Project("{FAE04EC0-301F-11D3-BF4B-00C04F79EFBC}") = "SimulationTests", "SimulationTests\SimulationTests.csproj", "{D84B0345-A882-4784-AA92-F44A5CF59F5C}"
EndProject
Global
	GlobalSection(SolutionConfigurationPlatforms) = preSolution
		Debug|Any CPU = Debug|Any CPU
		Release|Any CPU = Release|Any CPU
	EndGlobalSection
	GlobalSection(ProjectConfigurationPlatforms) = postSolution
		{9E456935-1433-458E-9C21-BAD5669C208C}.Debug|Any CPU.ActiveCfg = Debug|Any CPU
		{9E456935-1433-458E-9C21-BAD5669C208C}.Debug|Any CPU.Build.0 = Debug|Any CPU
		{9E456935-1433-458E-9C21-BAD5669C208C}.Release|Any CPU.ActiveCfg = Release|Any CPU
		{9E456935-1433-458E-9C21-BAD5669C208C}.Release|Any CPU.Build.0 = Release|Any CPU
		{D84B0345-A882-4784-AA92-F44A5CF59F5C}.Debug|Any CPU.ActiveCfg = Debug|Any CPU
		{D84B0345-A882-4784-AA92-F44A5CF59F5C}.Debug|Any CPU.Build.0 = Debug|Any CPU
		{D84B0345-A882-4784-AA92-F44A5CF59F5C}.Release|Any CPU.ActiveCfg = Release|Any CPU
		{D84B0345-A882-4784-AA92-F44A5CF59F5C}.Release|Any CPU.Build.0 = Release|Any CPU
	EndGlobalSection
	GlobalSection(SolutionProperties) = preSolution
		HideSolutionNode = FALSE
	EndGlobalSection
EndGlobal
