
Microsoft Visual Studio Solution File, Format Version 12.00
# Visual Studio 2012
Project("{FAE04EC0-301F-11D3-BF4B-00C04F79EFBC}") = "Shadowrun", "Shadowrun\Shadowrun.csproj", "{A759C318-684B-40B8-91CD-86042F51353F}"
EndProject
Global
	GlobalSection(SolutionConfigurationPlatforms) = preSolution
		Debug|Any CPU = Debug|Any CPU
		Release|Any CPU = Release|Any CPU
	EndGlobalSection
	GlobalSection(ProjectConfigurationPlatforms) = postSolution
		{A759C318-684B-40B8-91CD-86042F51353F}.Debug|Any CPU.ActiveCfg = Debug|Any CPU
		{A759C318-684B-40B8-91CD-86042F51353F}.Debug|Any CPU.Build.0 = Debug|Any CPU
		{A759C318-684B-40B8-91CD-86042F51353F}.Release|Any CPU.ActiveCfg = Release|Any CPU
		{A759C318-684B-40B8-91CD-86042F51353F}.Release|Any CPU.Build.0 = Release|Any CPU
	EndGlobalSection
	GlobalSection(SolutionProperties) = preSolution
		HideSolutionNode = FALSE
	EndGlobalSection
EndGlobal
